// !$*UTF8*$!
{
	archiveVersion = 1;
	classes = {
	};
	objectVersion = 46;
	objects = {

/* Begin PBXBuildFile section */
		FD1D72D51F69D7CA005EE721 /* AppDelegate.swift in Sources */ = {isa = PBXBuildFile; fileRef = FD1D72D41F69D7CA005EE721 /* AppDelegate.swift */; };
		FD1D72D71F69D7CA005EE721 /* ViewController.swift in Sources */ = {isa = PBXBuildFile; fileRef = FD1D72D61F69D7CA005EE721 /* ViewController.swift */; };
		FD1D72DA1F69D7CA005EE721 /* Main.storyboard in Resources */ = {isa = PBXBuildFile; fileRef = FD1D72D81F69D7CA005EE721 /* Main.storyboard */; };
		FD1D72DD1F69D7CA005EE721 /* bookshelf.xcdatamodeld in Sources */ = {isa = PBXBuildFile; fileRef = FD1D72DB1F69D7CA005EE721 /* bookshelf.xcdatamodeld */; };
		FD1D72DF1F69D7CA005EE721 /* Assets.xcassets in Resources */ = {isa = PBXBuildFile; fileRef = FD1D72DE1F69D7CA005EE721 /* Assets.xcassets */; };
		FD1D72E21F69D7CA005EE721 /* LaunchScreen.storyboard in Resources */ = {isa = PBXBuildFile; fileRef = FD1D72E01F69D7CA005EE721 /* LaunchScreen.storyboard */; };
		FD1D72EA1F69DBB2005EE721 /* DFM5LxMVYAA3Myz.jpg in Resources */ = {isa = PBXBuildFile; fileRef = FD1D72E91F69DBB2005EE721 /* DFM5LxMVYAA3Myz.jpg */; };
		FD1D72EC1F69DCF4005EE721 /* BookViewController.swift in Sources */ = {isa = PBXBuildFile; fileRef = FD1D72EB1F69DCF4005EE721 /* BookViewController.swift */; };
/* End PBXBuildFile section */

/* Begin PBXFileReference section */
		FD1D72D11F69D7CA005EE721 /* bookshelf.app */ = {isa = PBXFileReference; explicitFileType = wrapper.application; includeInIndex = 0; path = bookshelf.app; sourceTree = BUILT_PRODUCTS_DIR; };
		FD1D72D41F69D7CA005EE721 /* AppDelegate.swift */ = {isa = PBXFileReference; lastKnownFileType = sourcecode.swift; path = AppDelegate.swift; sourceTree = "<group>"; };
		FD1D72D61F69D7CA005EE721 /* ViewController.swift */ = {isa = PBXFileReference; lastKnownFileType = sourcecode.swift; path = ViewController.swift; sourceTree = "<group>"; };
		FD1D72D91F69D7CA005EE721 /* Base */ = {isa = PBXFileReference; lastKnownFileType = file.storyboard; name = Base; path = Base.lproj/Main.storyboard; sourceTree = "<group>"; };
		FD1D72DC1F69D7CA005EE721 /* bookshelf.xcdatamodel */ = {isa = PBXFileReference; lastKnownFileType = wrapper.xcdatamodel; path = bookshelf.xcdatamodel; sourceTree = "<group>"; };
		FD1D72DE1F69D7CA005EE721 /* Assets.xcassets */ = {isa = PBXFileReference; lastKnownFileType = folder.assetcatalog; path = Assets.xcassets; sourceTree = "<group>"; };
		FD1D72E11F69D7CA005EE721 /* Base */ = {isa = PBXFileReference; lastKnownFileType = file.storyboard; name = Base; path = Base.lproj/LaunchScreen.storyboard; sourceTree = "<group>"; };
		FD1D72E31F69D7CA005EE721 /* Info.plist */ = {isa = PBXFileReference; lastKnownFileType = text.plist.xml; path = Info.plist; sourceTree = "<group>"; };
		FD1D72E91F69DBB2005EE721 /* DFM5LxMVYAA3Myz.jpg */ = {isa = PBXFileReference; lastKnownFileType = image.jpeg; path = DFM5LxMVYAA3Myz.jpg; sourceTree = "<group>"; };
		FD1D72EB1F69DCF4005EE721 /* BookViewController.swift */ = {isa = PBXFileReference; fileEncoding = 4; lastKnownFileType = sourcecode.swift; path = BookViewController.swift; sourceTree = "<group>"; };
/* End PBXFileReference section */

/* Begin PBXFrameworksBuildPhase section */
		FD1D72CE1F69D7CA005EE721 /* Frameworks */ = {
			isa = PBXFrameworksBuildPhase;
			buildActionMask = 2147483647;
			files = (
			);
			runOnlyForDeploymentPostprocessing = 0;
		};
/* End PBXFrameworksBuildPhase section */

/* Begin PBXGroup section */
		FD1D72C81F69D7CA005EE721 = {
			isa = PBXGroup;
			children = (
				FD1D72D31F69D7CA005EE721 /* bookshelf */,
				FD1D72D21F69D7CA005EE721 /* Products */,
			);
			sourceTree = "<group>";
		};
		FD1D72D21F69D7CA005EE721 /* Products */ = {
			isa = PBXGroup;
			children = (
				FD1D72D11F69D7CA005EE721 /* bookshelf.app */,
			);
			name = Products;
			sourceTree = "<group>";
		};
		FD1D72D31F69D7CA005EE721 /* bookshelf */ = {
			isa = PBXGroup;
			children = (
				FD1D72E91F69DBB2005EE721 /* DFM5LxMVYAA3Myz.jpg */,
				FD1D72D41F69D7CA005EE721 /* AppDelegate.swift */,
				FD1D72D61F69D7CA005EE721 /* ViewController.swift */,
				FD1D72D81F69D7CA005EE721 /* Main.storyboard */,
				FD1D72EB1F69DCF4005EE721 /* BookViewController.swift */,
				FD1D72DE1F69D7CA005EE721 /* Assets.xcassets */,
				FD1D72E01F69D7CA005EE721 /* LaunchScreen.storyboard */,
				FD1D72E31F69D7CA005EE721 /* Info.plist */,
				FD1D72DB1F69D7CA005EE721 /* bookshelf.xcdatamodeld */,
			);
			path = bookshelf;
			sourceTree = "<group>";
		};
/* End PBXGroup section */

/* Begin PBXNativeTarget section */
		FD1D72D01F69D7CA005EE721 /* bookshelf */ = {
			isa = PBXNativeTarget;
			buildConfigurationList = FD1D72E61F69D7CA005EE721 /* Build configuration list for PBXNativeTarget "bookshelf" */;
			buildPhases = (
				FD1D72CD1F69D7CA005EE721 /* Sources */,
				FD1D72CE1F69D7CA005EE721 /* Frameworks */,
				FD1D72CF1F69D7CA005EE721 /* Resources */,
			);
			buildRules = (
			);
			dependencies = (
			);
			name = bookshelf;
			productName = bookshelf;
			productReference = FD1D72D11F69D7CA005EE721 /* bookshelf.app */;
			productType = "com.apple.product-type.application";
		};
/* End PBXNativeTarget section */

/* Begin PBXProject section */
		FD1D72C91F69D7CA005EE721 /* Project object */ = {
			isa = PBXProject;
			attributes = {
				LastSwiftUpdateCheck = 0830;
				LastUpgradeCheck = 0830;
				ORGANIZATIONNAME = toko;
				TargetAttributes = {
					FD1D72D01F69D7CA005EE721 = {
						CreatedOnToolsVersion = 8.3.3;
						ProvisioningStyle = Automatic;
					};
				};
			};
			buildConfigurationList = FD1D72CC1F69D7CA005EE721 /* Build configuration list for PBXProject "bookshelf" */;
			compatibilityVersion = "Xcode 3.2";
			developmentRegion = English;
			hasScannedForEncodings = 0;
			knownRegions = (
				en,
				Base,
			);
			mainGroup = FD1D72C81F69D7CA005EE721;
			productRefGroup = FD1D72D21F69D7CA005EE721 /* Products */;
			projectDirPath = "";
			projectRoot = "";
			targets = (
				FD1D72D01F69D7CA005EE721 /* bookshelf */,
			);
		};
/* End PBXProject section */

/* Begin PBXResourcesBuildPhase section */
		FD1D72CF1F69D7CA005EE721 /* Resources */ = {
			isa = PBXResourcesBuildPhase;
			buildActionMask = 2147483647;
			files = (
				FD1D72E21F69D7CA005EE721 /* LaunchScreen.storyboard in Resources */,
				FD1D72DF1F69D7CA005EE721 /* Assets.xcassets in Resources */,
				FD1D72DA1F69D7CA005EE721 /* Main.storyboard in Resources */,
				FD1D72EA1F69DBB2005EE721 /* DFM5LxMVYAA3Myz.jpg in Resources */,
			);
			runOnlyForDeploymentPostprocessing = 0;
		};
/* End PBXResourcesBuildPhase section */

/* Begin PBXSourcesBuildPhase section */
		FD1D72CD1F69D7CA005EE721 /* Sources */ = {
			isa = PBXSourcesBuildPhase;
			buildActionMask = 2147483647;
			files = (
				FD1D72D71F69D7CA005EE721 /* ViewController.swift in Sources */,
				FD1D72EC1F69DCF4005EE721 /* BookViewController.swift in Sources */,
				FD1D72DD1F69D7CA005EE721 /* bookshelf.xcdatamodeld in Sources */,
				FD1D72D51F69D7CA005EE721 /* AppDelegate.swift in Sources */,
			);
			runOnlyForDeploymentPostprocessing = 0;
		};
/* End PBXSourcesBuildPhase section */

/* Begin PBXVariantGroup section */
		FD1D72D81F69D7CA005EE721 /* Main.storyboard */ = {
			isa = PBXVariantGroup;
			children = (
				FD1D72D91F69D7CA005EE721 /* Base */,
			);
			name = Main.storyboard;
			sourceTree = "<group>";
		};
		FD1D72E01F69D7CA005EE721 /* LaunchScreen.storyboard */ = {
			isa = PBXVariantGroup;
			children = (
				FD1D72E11F69D7CA005EE721 /* Base */,
			);
			name = LaunchScreen.storyboard;
			sourceTree = "<group>";
		};
/* End PBXVariantGroup section */

/* Begin XCBuildConfiguration section */
		FD1D72E41F69D7CA005EE721 /* Debug */ = {
			isa = XCBuildConfiguration;
			buildSettings = {
				ALWAYS_SEARCH_USER_PATHS = NO;
				CLANG_ANALYZER_NONNULL = YES;
				CLANG_ANALYZER_NUMBER_OBJECT_CONVERSION = YES_AGGRESSIVE;
				CLANG_CXX_LANGUAGE_STANDARD = "gnu++0x";
				CLANG_CXX_LIBRARY = "libc++";
				CLANG_ENABLE_MODULES = YES;
				CLANG_ENABLE_OBJC_ARC = YES;
				CLANG_WARN_BOOL_CONVERSION = YES;
				CLANG_WARN_CONSTANT_CONVERSION = YES;
				CLANG_WARN_DIRECT_OBJC_ISA_USAGE = YES_ERROR;
				CLANG_WARN_DOCUMENTATION_COMMENTS = YES;
				CLANG_WARN_EMPTY_BODY = YES;
				CLANG_WARN_ENUM_CONVERSION = YES;
				CLANG_WARN_INFINITE_RECURSION = YES;
				CLANG_WARN_INT_CONVERSION = YES;
				CLANG_WARN_OBJC_ROOT_CLASS = YES_ERROR;
				CLANG_WARN_SUSPICIOUS_MOVE = YES;
				CLANG_WARN_UNREACHABLE_CODE = YES;
				CLANG_WARN__DUPLICATE_METHOD_MATCH = YES;
				"CODE_SIGN_IDENTITY[sdk=iphoneos*]" = "iPhone Developer";
				COPY_PHASE_STRIP = NO;
				DEBUG_INFORMATION_FORMAT = dwarf;
				ENABLE_STRICT_OBJC_MSGSEND = YES;
				ENABLE_TESTABILITY = YES;
				GCC_C_LANGUAGE_STANDARD = gnu99;
				GCC_DYNAMIC_NO_PIC = NO;
				GCC_NO_COMMON_BLOCKS = YES;
				GCC_OPTIMIZATION_LEVEL = 0;
				GCC_PREPROCESSOR_DEFINITIONS = (
					"DEBUG=1",
					"$(inherited)",
				);
				GCC_WARN_64_TO_32_BIT_CONVERSION = YES;
				GCC_WARN_ABOUT_RETURN_TYPE = YES_ERROR;
				GCC_WARN_UNDECLARED_SELECTOR = YES;
				GCC_WARN_UNINITIALIZED_AUTOS = YES_AGGRESSIVE;
				GCC_WARN_UNUSED_FUNCTION = YES;
				GCC_WARN_UNUSED_VARIABLE = YES;
				IPHONEOS_DEPLOYMENT_TARGET = 10.3;
				MTL_ENABLE_DEBUG_INFO = YES;
				ONLY_ACTIVE_ARCH = YES;
				SDKROOT = iphoneos;
				SWIFT_ACTIVE_COMPILATION_CONDITIONS = DEBUG;
				SWIFT_OPTIMIZATION_LEVEL = "-Onone";
				TARGETED_DEVICE_FAMILY = "1,2";
			};
			name = Debug;
		};
		FD1D72E51F69D7CA005EE721 /* Release */ = {
			isa = XCBuildConfiguration;
			buildSettings = {
				ALWAYS_SEARCH_USER_PATHS = NO;
				CLANG_ANALYZER_NONNULL = YES;
				CLANG_ANALYZER_NUMBER_OBJECT_CONVERSION = YES_AGGRESSIVE;
				CLANG_CXX_LANGUAGE_STANDARD = "gnu++0x";
				CLANG_CXX_LIBRARY = "libc++";
				CLANG_ENABLE_MODULES = YES;
				CLANG_ENABLE_OBJC_ARC = YES;
				CLANG_WARN_BOOL_CONVERSION = YES;
				CLANG_WARN_CONSTANT_CONVERSION = YES;
				CLANG_WARN_DIRECT_OBJC_ISA_USAGE = YES_ERROR;
				CLANG_WARN_DOCUMENTATION_COMMENTS = YES;
				CLANG_WARN_EMPTY_BODY = YES;
				CLANG_WARN_ENUM_CONVERSION = YES;
				CLANG_WARN_INFINITE_RECURSION = YES;
				CLANG_WARN_INT_CONVERSION = YES;
				CLANG_WARN_OBJC_ROOT_CLASS = YES_ERROR;
				CLANG_WARN_SUSPICIOUS_MOVE = YES;
				CLANG_WARN_UNREACHABLE_CODE = YES;
				CLANG_WARN__DUPLICATE_METHOD_MATCH = YES;
				"CODE_SIGN_IDENTITY[sdk=iphoneos*]" = "iPhone Developer";
				COPY_PHASE_STRIP = NO;
				DEBUG_INFORMATION_FORMAT = "dwarf-with-dsym";
				ENABLE_NS_ASSERTIONS = NO;
				ENABLE_STRICT_OBJC_MSGSEND = YES;
				GCC_C_LANGUAGE_STANDARD = gnu99;
				GCC_NO_COMMON_BLOCKS = YES;
				GCC_WARN_64_TO_32_BIT_CONVERSION = YES;
				GCC_WARN_ABOUT_RETURN_TYPE = YES_ERROR;
				GCC_WARN_UNDECLARED_SELECTOR = YES;
				GCC_WARN_UNINITIALIZED_AUTOS = YES_AGGRESSIVE;
				GCC_WARN_UNUSED_FUNCTION = YES;
				GCC_WARN_UNUSED_VARIABLE = YES;
				IPHONEOS_DEPLOYMENT_TARGET = 10.3;
				MTL_ENABLE_DEBUG_INFO = NO;
				SDKROOT = iphoneos;
				SWIFT_OPTIMIZATION_LEVEL = "-Owholemodule";
				TARGETED_DEVICE_FAMILY = "1,2";
				VALIDATE_PRODUCT = YES;
			};
			name = Release;
		};
		FD1D72E71F69D7CA005EE721 /* Debug */ = {
			isa = XCBuildConfiguration;
			buildSettings = {
				ASSETCATALOG_COMPILER_APPICON_NAME = AppIcon;
				INFOPLIST_FILE = bookshelf/Info.plist;
				LD_RUNPATH_SEARCH_PATHS = "$(inherited) @executable_path/Frameworks";
				PRODUCT_BUNDLE_IDENTIFIER = tokocaruso.bookshelf;
				PRODUCT_NAME = "$(TARGET_NAME)";
				SWIFT_VERSION = 3.0;
			};
			name = Debug;
		};
		FD1D72E81F69D7CA005EE721 /* Release */ = {
			isa = XCBuildConfiguration;
			buildSettings = {
				ASSETCATALOG_COMPILER_APPICON_NAME = AppIcon;
				INFOPLIST_FILE = bookshelf/Info.plist;
				LD_RUNPATH_SEARCH_PATHS = "$(inherited) @executable_path/Frameworks";
				PRODUCT_BUNDLE_IDENTIFIER = tokocaruso.bookshelf;
				PRODUCT_NAME = "$(TARGET_NAME)";
				SWIFT_VERSION = 3.0;
			};
			name = Release;
		};
/* End XCBuildConfiguration section */

/* Begin XCConfigurationList section */
		FD1D72CC1F69D7CA005EE721 /* Build configuration list for PBXProject "bookshelf" */ = {
			isa = XCConfigurationList;
			buildConfigurations = (
				FD1D72E41F69D7CA005EE721 /* Debug */,
				FD1D72E51F69D7CA005EE721 /* Release */,
			);
			defaultConfigurationIsVisible = 0;
			defaultConfigurationName = Release;
		};
		FD1D72E61F69D7CA005EE721 /* Build configuration list for PBXNativeTarget "bookshelf" */ = {
			isa = XCConfigurationList;
			buildConfigurations = (
				FD1D72E71F69D7CA005EE721 /* Debug */,
				FD1D72E81F69D7CA005EE721 /* Release */,
			);
			defaultConfigurationIsVisible = 0;
		};
/* End XCConfigurationList section */

/* Begin XCVersionGroup section */
		FD1D72DB1F69D7CA005EE721 /* bookshelf.xcdatamodeld */ = {
			isa = XCVersionGroup;
			children = (
				FD1D72DC1F69D7CA005EE721 /* bookshelf.xcdatamodel */,
			);
			currentVersion = FD1D72DC1F69D7CA005EE721 /* bookshelf.xcdatamodel */;
			path = bookshelf.xcdatamodeld;
			sourceTree = "<group>";
			versionGroupType = wrapper.xcdatamodel;
		};
/* End XCVersionGroup section */
	};
	rootObject = FD1D72C91F69D7CA005EE721 /* Project object */;
}
